
Microsoft Visual Studio Solution File, Format Version 12.00
# Visual Studio Version 16
VisualStudioVersion = 16.0.29911.84
MinimumVisualStudioVersion = 10.0.40219.1
Project("{FAE04EC0-301F-11D3-BF4B-00C04F79EFBC}") = "opdracht5_1", "opdracht5_1\opdracht5_1.csproj", "{975AF189-F9FF-49E9-8B19-D4FCE270ED3D}"
EndProject
Global
	GlobalSection(SolutionConfigurationPlatforms) = preSolution
		Debug|Any CPU = Debug|Any CPU
		Release|Any CPU = Release|Any CPU
	EndGlobalSection
	GlobalSection(ProjectConfigurationPlatforms) = postSolution
		{975AF189-F9FF-49E9-8B19-D4FCE270ED3D}.Debug|Any CPU.ActiveCfg = Debug|Any CPU
		{975AF189-F9FF-49E9-8B19-D4FCE270ED3D}.Debug|Any CPU.Build.0 = Debug|Any CPU
		{975AF189-F9FF-49E9-8B19-D4FCE270ED3D}.Release|Any CPU.ActiveCfg = Release|Any CPU
		{975AF189-F9FF-49E9-8B19-D4FCE270ED3D}.Release|Any CPU.Build.0 = Release|Any CPU
	EndGlobalSection
	GlobalSection(SolutionProperties) = preSolution
		HideSolutionNode = FALSE
	EndGlobalSection
	GlobalSection(ExtensibilityGlobals) = postSolution
		SolutionGuid = {661D9C9F-3369-4444-86A4-3A34392A2E0E}
	EndGlobalSection
EndGlobal
