
Microsoft Visual Studio Solution File, Format Version 12.00
# Visual Studio Version 16
VisualStudioVersion = 16.0.29911.84
MinimumVisualStudioVersion = 10.0.40219.1
Project("{FAE04EC0-301F-11D3-BF4B-00C04F79EFBC}") = "opdracht6.5", "opdracht6.5\opdracht6.5.csproj", "{05728949-53B6-4036-819B-95CFE66BA789}"
EndProject
Global
	GlobalSection(SolutionConfigurationPlatforms) = preSolution
		Debug|Any CPU = Debug|Any CPU
		Release|Any CPU = Release|Any CPU
	EndGlobalSection
	GlobalSection(ProjectConfigurationPlatforms) = postSolution
		{05728949-53B6-4036-819B-95CFE66BA789}.Debug|Any CPU.ActiveCfg = Debug|Any CPU
		{05728949-53B6-4036-819B-95CFE66BA789}.Debug|Any CPU.Build.0 = Debug|Any CPU
		{05728949-53B6-4036-819B-95CFE66BA789}.Release|Any CPU.ActiveCfg = Release|Any CPU
		{05728949-53B6-4036-819B-95CFE66BA789}.Release|Any CPU.Build.0 = Release|Any CPU
	EndGlobalSection
	GlobalSection(SolutionProperties) = preSolution
		HideSolutionNode = FALSE
	EndGlobalSection
	GlobalSection(ExtensibilityGlobals) = postSolution
		SolutionGuid = {0CFBE229-70C8-4D6D-B5EF-25A0B7418FB6}
	EndGlobalSection
EndGlobal
