
Microsoft Visual Studio Solution File, Format Version 12.00
# Visual Studio Version 16
VisualStudioVersion = 16.0.29911.84
MinimumVisualStudioVersion = 10.0.40219.1
Project("{FAE04EC0-301F-11D3-BF4B-00C04F79EFBC}") = "opdracht3.14", "opdracht3.14\opdracht3.14.csproj", "{0759C596-07DF-4C27-970A-BF55738FEC63}"
EndProject
Global
	GlobalSection(SolutionConfigurationPlatforms) = preSolution
		Debug|Any CPU = Debug|Any CPU
		Release|Any CPU = Release|Any CPU
	EndGlobalSection
	GlobalSection(ProjectConfigurationPlatforms) = postSolution
		{0759C596-07DF-4C27-970A-BF55738FEC63}.Debug|Any CPU.ActiveCfg = Debug|Any CPU
		{0759C596-07DF-4C27-970A-BF55738FEC63}.Debug|Any CPU.Build.0 = Debug|Any CPU
		{0759C596-07DF-4C27-970A-BF55738FEC63}.Release|Any CPU.ActiveCfg = Release|Any CPU
		{0759C596-07DF-4C27-970A-BF55738FEC63}.Release|Any CPU.Build.0 = Release|Any CPU
	EndGlobalSection
	GlobalSection(SolutionProperties) = preSolution
		HideSolutionNode = FALSE
	EndGlobalSection
	GlobalSection(ExtensibilityGlobals) = postSolution
		SolutionGuid = {4706DD07-7260-4106-B53D-83D44FB22E8A}
	EndGlobalSection
EndGlobal
