
Microsoft Visual Studio Solution File, Format Version 12.00
# Visual Studio Version 16
VisualStudioVersion = 16.0.29911.84
MinimumVisualStudioVersion = 10.0.40219.1
Project("{FAE04EC0-301F-11D3-BF4B-00C04F79EFBC}") = "opdracht6.11", "opdracht6.11\opdracht6.11.csproj", "{1597268E-51E3-4139-A9FC-767FF01234CB}"
EndProject
Global
	GlobalSection(SolutionConfigurationPlatforms) = preSolution
		Debug|Any CPU = Debug|Any CPU
		Release|Any CPU = Release|Any CPU
	EndGlobalSection
	GlobalSection(ProjectConfigurationPlatforms) = postSolution
		{1597268E-51E3-4139-A9FC-767FF01234CB}.Debug|Any CPU.ActiveCfg = Debug|Any CPU
		{1597268E-51E3-4139-A9FC-767FF01234CB}.Debug|Any CPU.Build.0 = Debug|Any CPU
		{1597268E-51E3-4139-A9FC-767FF01234CB}.Release|Any CPU.ActiveCfg = Release|Any CPU
		{1597268E-51E3-4139-A9FC-767FF01234CB}.Release|Any CPU.Build.0 = Release|Any CPU
	EndGlobalSection
	GlobalSection(SolutionProperties) = preSolution
		HideSolutionNode = FALSE
	EndGlobalSection
	GlobalSection(ExtensibilityGlobals) = postSolution
		SolutionGuid = {755656CE-FC0F-46AF-A702-7054AA31F273}
	EndGlobalSection
EndGlobal
