
Microsoft Visual Studio Solution File, Format Version 12.00
# Visual Studio Version 16
VisualStudioVersion = 16.0.29911.84
MinimumVisualStudioVersion = 10.0.40219.1
Project("{FAE04EC0-301F-11D3-BF4B-00C04F79EFBC}") = "Decider_project", "Decider_project\Decider_project.csproj", "{11988874-3365-42BF-9DF3-045225740D5E}"
EndProject
Global
	GlobalSection(SolutionConfigurationPlatforms) = preSolution
		Debug|Any CPU = Debug|Any CPU
		Release|Any CPU = Release|Any CPU
	EndGlobalSection
	GlobalSection(ProjectConfigurationPlatforms) = postSolution
		{11988874-3365-42BF-9DF3-045225740D5E}.Debug|Any CPU.ActiveCfg = Debug|Any CPU
		{11988874-3365-42BF-9DF3-045225740D5E}.Debug|Any CPU.Build.0 = Debug|Any CPU
		{11988874-3365-42BF-9DF3-045225740D5E}.Release|Any CPU.ActiveCfg = Release|Any CPU
		{11988874-3365-42BF-9DF3-045225740D5E}.Release|Any CPU.Build.0 = Release|Any CPU
	EndGlobalSection
	GlobalSection(SolutionProperties) = preSolution
		HideSolutionNode = FALSE
	EndGlobalSection
	GlobalSection(ExtensibilityGlobals) = postSolution
		SolutionGuid = {BD41BFF2-A83B-4073-95E6-63C3280ACAD2}
	EndGlobalSection
EndGlobal
